
Microsoft Visual Studio Solution File, Format Version 12.00
# Visual Studio Version 16
VisualStudioVersion = 16.0.29424.173
MinimumVisualStudioVersion = 10.0.40219.1
Project("{9A19103F-16F7-4668-BE54-9A1E7A4F7556}") = "CodeIndexing", "CodeIndexing\CodeIndexing.csproj", "{3CB475EC-9684-493E-AA72-882A4A115526}"
EndProject
Project("{FAE04EC0-301F-11D3-BF4B-00C04F79EFBC}") = "CodeIndexClient", "CodeIndexClient\CodeIndexClient.csproj", "{59D05AF0-E8ED-4DB1-8395-4E6A93A261A7}"
EndProject
Global
	GlobalSection(SolutionConfigurationPlatforms) = preSolution
		Debug|Any CPU = Debug|Any CPU
		Release|Any CPU = Release|Any CPU
	EndGlobalSection
	GlobalSection(ProjectConfigurationPlatforms) = postSolution
		{3CB475EC-9684-493E-AA72-882A4A115526}.Debug|Any CPU.ActiveCfg = Debug|Any CPU
		{3CB475EC-9684-493E-AA72-882A4A115526}.Debug|Any CPU.Build.0 = Debug|Any CPU
		{3CB475EC-9684-493E-AA72-882A4A115526}.Release|Any CPU.ActiveCfg = Release|Any CPU
		{3CB475EC-9684-493E-AA72-882A4A115526}.Release|Any CPU.Build.0 = Release|Any CPU
		{59D05AF0-E8ED-4DB1-8395-4E6A93A261A7}.Debug|Any CPU.ActiveCfg = Debug|Any CPU
		{59D05AF0-E8ED-4DB1-8395-4E6A93A261A7}.Debug|Any CPU.Build.0 = Debug|Any CPU
		{59D05AF0-E8ED-4DB1-8395-4E6A93A261A7}.Release|Any CPU.ActiveCfg = Release|Any CPU
		{59D05AF0-E8ED-4DB1-8395-4E6A93A261A7}.Release|Any CPU.Build.0 = Release|Any CPU
	EndGlobalSection
	GlobalSection(SolutionProperties) = preSolution
		HideSolutionNode = FALSE
	EndGlobalSection
	GlobalSection(ExtensibilityGlobals) = postSolution
		SolutionGuid = {2C6FFBD5-EACF-466C-BCBC-7E20B37621CC}
	EndGlobalSection
EndGlobal
